// !$*UTF8*$!
{
	archiveVersion = 1;
	classes = {
	};
	objectVersion = 46;
	objects = {

/* Begin PBXBuildFile section */
		77AD4A9F1A0411A7000F1C41 /* GameController.m in Sources */ = {isa = PBXBuildFile; fileRef = 77AD4A9E1A0411A7000F1C41 /* GameController.m */; };
		77B052401A03B0C700A3C6CE /* Foundation.framework in Frameworks */ = {isa = PBXBuildFile; fileRef = 77B0523F1A03B0C700A3C6CE /* Foundation.framework */; };
		77B052421A03B0C700A3C6CE /* CoreGraphics.framework in Frameworks */ = {isa = PBXBuildFile; fileRef = 77B052411A03B0C700A3C6CE /* CoreGraphics.framework */; };
		77B052441A03B0C700A3C6CE /* UIKit.framework in Frameworks */ = {isa = PBXBuildFile; fileRef = 77B052431A03B0C700A3C6CE /* UIKit.framework */; };
		77B0524A1A03B0C700A3C6CE /* InfoPlist.strings in Resources */ = {isa = PBXBuildFile; fileRef = 77B052481A03B0C700A3C6CE /* InfoPlist.strings */; };
		77B0524C1A03B0C700A3C6CE /* main.m in Sources */ = {isa = PBXBuildFile; fileRef = 77B0524B1A03B0C700A3C6CE /* main.m */; };
		77B052501A03B0C700A3C6CE /* AppDelegate.m in Sources */ = {isa = PBXBuildFile; fileRef = 77B0524F1A03B0C700A3C6CE /* AppDelegate.m */; };
		77B052531A03B0C700A3C6CE /* Main.storyboard in Resources */ = {isa = PBXBuildFile; fileRef = 77B052511A03B0C700A3C6CE /* Main.storyboard */; };
		77B052581A03B0C700A3C6CE /* Images.xcassets in Resources */ = {isa = PBXBuildFile; fileRef = 77B052571A03B0C700A3C6CE /* Images.xcassets */; };
		77B0525F1A03B0C700A3C6CE /* XCTest.framework in Frameworks */ = {isa = PBXBuildFile; fileRef = 77B0525E1A03B0C700A3C6CE /* XCTest.framework */; };
		77B052601A03B0C700A3C6CE /* Foundation.framework in Frameworks */ = {isa = PBXBuildFile; fileRef = 77B0523F1A03B0C700A3C6CE /* Foundation.framework */; };
		77B052611A03B0C700A3C6CE /* UIKit.framework in Frameworks */ = {isa = PBXBuildFile; fileRef = 77B052431A03B0C700A3C6CE /* UIKit.framework */; };
		77B052691A03B0C700A3C6CE /* InfoPlist.strings in Resources */ = {isa = PBXBuildFile; fileRef = 77B052671A03B0C700A3C6CE /* InfoPlist.strings */; };
		77B0526B1A03B0C700A3C6CE /* FlappyNinjaTests.m in Sources */ = {isa = PBXBuildFile; fileRef = 77B0526A1A03B0C700A3C6CE /* FlappyNinjaTests.m */; };
		77B052771A03B0FF00A3C6CE /* MenuViewController.m in Sources */ = {isa = PBXBuildFile; fileRef = 77B052761A03B0FF00A3C6CE /* MenuViewController.m */; };
		77BD9CFA1A052FF30079AB07 /* AVFoundation.framework in Frameworks */ = {isa = PBXBuildFile; fileRef = 77BD9CF91A052FF30079AB07 /* AVFoundation.framework */; };
		77BD9CFC1A052FF90079AB07 /* AudioToolbox.framework in Frameworks */ = {isa = PBXBuildFile; fileRef = 77BD9CFB1A052FF90079AB07 /* AudioToolbox.framework */; };
		FEC3AE5A1A0501780002CDFA /* background.png in Resources */ = {isa = PBXBuildFile; fileRef = FEC3AE531A0501780002CDFA /* background.png */; };
		FEC3AE5B1A0501780002CDFA /* bottom.png in Resources */ = {isa = PBXBuildFile; fileRef = FEC3AE541A0501780002CDFA /* bottom.png */; };
		FEC3AE5C1A0501780002CDFA /* column-bottom.png in Resources */ = {isa = PBXBuildFile; fileRef = FEC3AE551A0501780002CDFA /* column-bottom.png */; };
		FEC3AE5D1A0501780002CDFA /* column-top.png in Resources */ = {isa = PBXBuildFile; fileRef = FEC3AE561A0501780002CDFA /* column-top.png */; };
		FEC3AE5E1A0501780002CDFA /* flappy-ninja-down.png in Resources */ = {isa = PBXBuildFile; fileRef = FEC3AE571A0501780002CDFA /* flappy-ninja-down.png */; };
		FEC3AE5F1A0501780002CDFA /* flappy-ninja-flipped.png in Resources */ = {isa = PBXBuildFile; fileRef = FEC3AE581A0501780002CDFA /* flappy-ninja-flipped.png */; };
		FEC3AE601A0501780002CDFA /* flappy-ninja-up.png in Resources */ = {isa = PBXBuildFile; fileRef = FEC3AE591A0501780002CDFA /* flappy-ninja-up.png */; };
		FEC3AE621A0501950002CDFA /* top.png in Resources */ = {isa = PBXBuildFile; fileRef = FEC3AE611A0501950002CDFA /* top.png */; };
		FEC3AE641A0501FD0002CDFA /* Default-568h@2x.png in Resources */ = {isa = PBXBuildFile; fileRef = FEC3AE631A0501FD0002CDFA /* Default-568h@2x.png */; };
		FEC3AE6F1A0507A20002CDFA /* default.png in Resources */ = {isa = PBXBuildFile; fileRef = FEC3AE651A0507A10002CDFA /* default.png */; };
		FEC3AE701A0507A20002CDFA /* ExitButton.png in Resources */ = {isa = PBXBuildFile; fileRef = FEC3AE661A0507A10002CDFA /* ExitButton.png */; };
		FEC3AE711A0507A20002CDFA /* GameBack.png in Resources */ = {isa = PBXBuildFile; fileRef = FEC3AE671A0507A10002CDFA /* GameBack.png */; };
		FEC3AE721A0507A20002CDFA /* GameStart.png in Resources */ = {isa = PBXBuildFile; fileRef = FEC3AE681A0507A10002CDFA /* GameStart.png */; };
		FEC3AE731A0507A20002CDFA /* horsey.png in Resources */ = {isa = PBXBuildFile; fileRef = FEC3AE691A0507A10002CDFA /* horsey.png */; };
		FEC3AE741A0507A20002CDFA /* icon.png in Resources */ = {isa = PBXBuildFile; fileRef = FEC3AE6A1A0507A10002CDFA /* icon.png */; };
		FEC3AE751A0507A20002CDFA /* NinjaDown.png in Resources */ = {isa = PBXBuildFile; fileRef = FEC3AE6B1A0507A10002CDFA /* NinjaDown.png */; };
		FEC3AE761A0507A20002CDFA /* NinjaUp.png in Resources */ = {isa = PBXBuildFile; fileRef = FEC3AE6C1A0507A20002CDFA /* NinjaUp.png */; };
		FEC3AE771A0507A20002CDFA /* PlayButton.png in Resources */ = {isa = PBXBuildFile; fileRef = FEC3AE6D1A0507A20002CDFA /* PlayButton.png */; };
		FEC3AE781A0507A20002CDFA /* ScoresButton.png in Resources */ = {isa = PBXBuildFile; fileRef = FEC3AE6E1A0507A20002CDFA /* ScoresButton.png */; };
		FEC3AE7B1A05095D0002CDFA /* ScoresController.m in Sources */ = {isa = PBXBuildFile; fileRef = FEC3AE7A1A05095D0002CDFA /* ScoresController.m */; };
/* End PBXBuildFile section */

/* Begin PBXContainerItemProxy section */
		77B052621A03B0C700A3C6CE /* PBXContainerItemProxy */ = {
			isa = PBXContainerItemProxy;
			containerPortal = 77B052341A03B0C700A3C6CE /* Project object */;
			proxyType = 1;
			remoteGlobalIDString = 77B0523B1A03B0C700A3C6CE;
			remoteInfo = FlappyNinja;
		};
/* End PBXContainerItemProxy section */

/* Begin PBXFileReference section */
		77AD4A9D1A0411A7000F1C41 /* GameController.h */ = {isa = PBXFileReference; fileEncoding = 4; lastKnownFileType = sourcecode.c.h; path = GameController.h; sourceTree = "<group>"; };
		77AD4A9E1A0411A7000F1C41 /* GameController.m */ = {isa = PBXFileReference; fileEncoding = 4; lastKnownFileType = sourcecode.c.objc; path = GameController.m; sourceTree = "<group>"; };
		77B0523C1A03B0C700A3C6CE /* FlappyNinja.app */ = {isa = PBXFileReference; explicitFileType = wrapper.application; includeInIndex = 0; path = FlappyNinja.app; sourceTree = BUILT_PRODUCTS_DIR; };
		77B0523F1A03B0C700A3C6CE /* Foundation.framework */ = {isa = PBXFileReference; lastKnownFileType = wrapper.framework; name = Foundation.framework; path = System/Library/Frameworks/Foundation.framework; sourceTree = SDKROOT; };
		77B052411A03B0C700A3C6CE /* CoreGraphics.framework */ = {isa = PBXFileReference; lastKnownFileType = wrapper.framework; name = CoreGraphics.framework; path = System/Library/Frameworks/CoreGraphics.framework; sourceTree = SDKROOT; };
		77B052431A03B0C700A3C6CE /* UIKit.framework */ = {isa = PBXFileReference; lastKnownFileType = wrapper.framework; name = UIKit.framework; path = System/Library/Frameworks/UIKit.framework; sourceTree = SDKROOT; };
		77B052471A03B0C700A3C6CE /* FlappyNinja-Info.plist */ = {isa = PBXFileReference; lastKnownFileType = text.plist.xml; path = "FlappyNinja-Info.plist"; sourceTree = "<group>"; };
		77B052491A03B0C700A3C6CE /* en */ = {isa = PBXFileReference; lastKnownFileType = text.plist.strings; name = en; path = en.lproj/InfoPlist.strings; sourceTree = "<group>"; };
		77B0524B1A03B0C700A3C6CE /* main.m */ = {isa = PBXFileReference; lastKnownFileType = sourcecode.c.objc; path = main.m; sourceTree = "<group>"; };
		77B0524D1A03B0C700A3C6CE /* FlappyNinja-Prefix.pch */ = {isa = PBXFileReference; lastKnownFileType = sourcecode.c.h; path = "FlappyNinja-Prefix.pch"; sourceTree = "<group>"; };
		77B0524E1A03B0C700A3C6CE /* AppDelegate.h */ = {isa = PBXFileReference; lastKnownFileType = sourcecode.c.h; path = AppDelegate.h; sourceTree = "<group>"; };
		77B0524F1A03B0C700A3C6CE /* AppDelegate.m */ = {isa = PBXFileReference; lastKnownFileType = sourcecode.c.objc; path = AppDelegate.m; sourceTree = "<group>"; };
		77B052521A03B0C700A3C6CE /* Base */ = {isa = PBXFileReference; lastKnownFileType = file.storyboard; name = Base; path = Base.lproj/Main.storyboard; sourceTree = "<group>"; };
		77B052571A03B0C700A3C6CE /* Images.xcassets */ = {isa = PBXFileReference; lastKnownFileType = folder.assetcatalog; path = Images.xcassets; sourceTree = "<group>"; };
		77B0525D1A03B0C700A3C6CE /* FlappyNinjaTests.xctest */ = {isa = PBXFileReference; explicitFileType = wrapper.cfbundle; includeInIndex = 0; path = FlappyNinjaTests.xctest; sourceTree = BUILT_PRODUCTS_DIR; };
		77B0525E1A03B0C700A3C6CE /* XCTest.framework */ = {isa = PBXFileReference; lastKnownFileType = wrapper.framework; name = XCTest.framework; path = Library/Frameworks/XCTest.framework; sourceTree = DEVELOPER_DIR; };
		77B052661A03B0C700A3C6CE /* FlappyNinjaTests-Info.plist */ = {isa = PBXFileReference; lastKnownFileType = text.plist.xml; path = "FlappyNinjaTests-Info.plist"; sourceTree = "<group>"; };
		77B052681A03B0C700A3C6CE /* en */ = {isa = PBXFileReference; lastKnownFileType = text.plist.strings; name = en; path = en.lproj/InfoPlist.strings; sourceTree = "<group>"; };
		77B0526A1A03B0C700A3C6CE /* FlappyNinjaTests.m */ = {isa = PBXFileReference; lastKnownFileType = sourcecode.c.objc; path = FlappyNinjaTests.m; sourceTree = "<group>"; };
		77B052751A03B0FF00A3C6CE /* MenuViewController.h */ = {isa = PBXFileReference; fileEncoding = 4; lastKnownFileType = sourcecode.c.h; path = MenuViewController.h; sourceTree = "<group>"; };
		77B052761A03B0FF00A3C6CE /* MenuViewController.m */ = {isa = PBXFileReference; fileEncoding = 4; lastKnownFileType = sourcecode.c.objc; path = MenuViewController.m; sourceTree = "<group>"; };
		77BD9CF91A052FF30079AB07 /* AVFoundation.framework */ = {isa = PBXFileReference; lastKnownFileType = wrapper.framework; name = AVFoundation.framework; path = System/Library/Frameworks/AVFoundation.framework; sourceTree = SDKROOT; };
		77BD9CFB1A052FF90079AB07 /* AudioToolbox.framework */ = {isa = PBXFileReference; lastKnownFileType = wrapper.framework; name = AudioToolbox.framework; path = System/Library/Frameworks/AudioToolbox.framework; sourceTree = SDKROOT; };
		FEC3AE531A0501780002CDFA /* background.png */ = {isa = PBXFileReference; lastKnownFileType = image.png; path = background.png; sourceTree = "<group>"; };
		FEC3AE541A0501780002CDFA /* bottom.png */ = {isa = PBXFileReference; lastKnownFileType = image.png; path = bottom.png; sourceTree = "<group>"; };
		FEC3AE551A0501780002CDFA /* column-bottom.png */ = {isa = PBXFileReference; lastKnownFileType = image.png; path = "column-bottom.png"; sourceTree = "<group>"; };
		FEC3AE561A0501780002CDFA /* column-top.png */ = {isa = PBXFileReference; lastKnownFileType = image.png; path = "column-top.png"; sourceTree = "<group>"; };
		FEC3AE571A0501780002CDFA /* flappy-ninja-down.png */ = {isa = PBXFileReference; lastKnownFileType = image.png; path = "flappy-ninja-down.png"; sourceTree = "<group>"; };
		FEC3AE581A0501780002CDFA /* flappy-ninja-flipped.png */ = {isa = PBXFileReference; lastKnownFileType = image.png; path = "flappy-ninja-flipped.png"; sourceTree = "<group>"; };
		FEC3AE591A0501780002CDFA /* flappy-ninja-up.png */ = {isa = PBXFileReference; lastKnownFileType = image.png; path = "flappy-ninja-up.png"; sourceTree = "<group>"; };
		FEC3AE611A0501950002CDFA /* top.png */ = {isa = PBXFileReference; lastKnownFileType = image.png; path = top.png; sourceTree = "<group>"; };
		FEC3AE631A0501FD0002CDFA /* Default-568h@2x.png */ = {isa = PBXFileReference; lastKnownFileType = image.png; path = "Default-568h@2x.png"; sourceTree = "<group>"; };
		FEC3AE651A0507A10002CDFA /* default.png */ = {isa = PBXFileReference; lastKnownFileType = image.png; path = default.png; sourceTree = "<group>"; };
		FEC3AE661A0507A10002CDFA /* ExitButton.png */ = {isa = PBXFileReference; lastKnownFileType = image.png; path = ExitButton.png; sourceTree = "<group>"; };
		FEC3AE671A0507A10002CDFA /* GameBack.png */ = {isa = PBXFileReference; lastKnownFileType = image.png; path = GameBack.png; sourceTree = "<group>"; };
		FEC3AE681A0507A10002CDFA /* GameStart.png */ = {isa = PBXFileReference; lastKnownFileType = image.png; path = GameStart.png; sourceTree = "<group>"; };
		FEC3AE691A0507A10002CDFA /* horsey.png */ = {isa = PBXFileReference; lastKnownFileType = image.png; path = horsey.png; sourceTree = "<group>"; };
		FEC3AE6A1A0507A10002CDFA /* icon.png */ = {isa = PBXFileReference; lastKnownFileType = image.png; path = icon.png; sourceTree = "<group>"; };
		FEC3AE6B1A0507A10002CDFA /* NinjaDown.png */ = {isa = PBXFileReference; lastKnownFileType = image.png; path = NinjaDown.png; sourceTree = "<group>"; };
		FEC3AE6C1A0507A20002CDFA /* NinjaUp.png */ = {isa = PBXFileReference; lastKnownFileType = image.png; path = NinjaUp.png; sourceTree = "<group>"; };
		FEC3AE6D1A0507A20002CDFA /* PlayButton.png */ = {isa = PBXFileReference; lastKnownFileType = image.png; path = PlayButton.png; sourceTree = "<group>"; };
		FEC3AE6E1A0507A20002CDFA /* ScoresButton.png */ = {isa = PBXFileReference; lastKnownFileType = image.png; path = ScoresButton.png; sourceTree = "<group>"; };
		FEC3AE791A05095D0002CDFA /* ScoresController.h */ = {isa = PBXFileReference; fileEncoding = 4; lastKnownFileType = sourcecode.c.h; path = ScoresController.h; sourceTree = "<group>"; };
		FEC3AE7A1A05095D0002CDFA /* ScoresController.m */ = {isa = PBXFileReference; fileEncoding = 4; lastKnownFileType = sourcecode.c.objc; path = ScoresController.m; sourceTree = "<group>"; };
/* End PBXFileReference section */

/* Begin PBXFrameworksBuildPhase section */
		77B052391A03B0C700A3C6CE /* Frameworks */ = {
			isa = PBXFrameworksBuildPhase;
			buildActionMask = 2147483647;
			files = (
				77BD9CFC1A052FF90079AB07 /* AudioToolbox.framework in Frameworks */,
				77BD9CFA1A052FF30079AB07 /* AVFoundation.framework in Frameworks */,
				77B052421A03B0C700A3C6CE /* CoreGraphics.framework in Frameworks */,
				77B052441A03B0C700A3C6CE /* UIKit.framework in Frameworks */,
				77B052401A03B0C700A3C6CE /* Foundation.framework in Frameworks */,
			);
			runOnlyForDeploymentPostprocessing = 0;
		};
		77B0525A1A03B0C700A3C6CE /* Frameworks */ = {
			isa = PBXFrameworksBuildPhase;
			buildActionMask = 2147483647;
			files = (
				77B0525F1A03B0C700A3C6CE /* XCTest.framework in Frameworks */,
				77B052611A03B0C700A3C6CE /* UIKit.framework in Frameworks */,
				77B052601A03B0C700A3C6CE /* Foundation.framework in Frameworks */,
			);
			runOnlyForDeploymentPostprocessing = 0;
		};
/* End PBXFrameworksBuildPhase section */

/* Begin PBXGroup section */
		77AD4A8E1A04067B000F1C41 /* Images */ = {
			isa = PBXGroup;
			children = (
				FEC3AE651A0507A10002CDFA /* default.png */,
				FEC3AE661A0507A10002CDFA /* ExitButton.png */,
				FEC3AE671A0507A10002CDFA /* GameBack.png */,
				FEC3AE681A0507A10002CDFA /* GameStart.png */,
				FEC3AE691A0507A10002CDFA /* horsey.png */,
				FEC3AE6A1A0507A10002CDFA /* icon.png */,
				FEC3AE6B1A0507A10002CDFA /* NinjaDown.png */,
				FEC3AE6C1A0507A20002CDFA /* NinjaUp.png */,
				FEC3AE6D1A0507A20002CDFA /* PlayButton.png */,
				FEC3AE6E1A0507A20002CDFA /* ScoresButton.png */,
				FEC3AE611A0501950002CDFA /* top.png */,
				FEC3AE531A0501780002CDFA /* background.png */,
				FEC3AE541A0501780002CDFA /* bottom.png */,
				FEC3AE551A0501780002CDFA /* column-bottom.png */,
				FEC3AE561A0501780002CDFA /* column-top.png */,
				FEC3AE571A0501780002CDFA /* flappy-ninja-down.png */,
				FEC3AE581A0501780002CDFA /* flappy-ninja-flipped.png */,
				FEC3AE591A0501780002CDFA /* flappy-ninja-up.png */,
			);
			name = Images;
			sourceTree = "<group>";
		};
		77B052331A03B0C700A3C6CE = {
			isa = PBXGroup;
			children = (
				FEC3AE631A0501FD0002CDFA /* Default-568h@2x.png */,
				77AD4A8E1A04067B000F1C41 /* Images */,
				77B052741A03B0DC00A3C6CE /* ViewControllers */,
				77B052451A03B0C700A3C6CE /* FlappyNinja */,
				77B052641A03B0C700A3C6CE /* FlappyNinjaTests */,
				77B0523E1A03B0C700A3C6CE /* Frameworks */,
				77B0523D1A03B0C700A3C6CE /* Products */,
			);
			sourceTree = "<group>";
		};
		77B0523D1A03B0C700A3C6CE /* Products */ = {
			isa = PBXGroup;
			children = (
				77B0523C1A03B0C700A3C6CE /* FlappyNinja.app */,
				77B0525D1A03B0C700A3C6CE /* FlappyNinjaTests.xctest */,
			);
			name = Products;
			sourceTree = "<group>";
		};
		77B0523E1A03B0C700A3C6CE /* Frameworks */ = {
			isa = PBXGroup;
			children = (
				77BD9CFB1A052FF90079AB07 /* AudioToolbox.framework */,
				77BD9CF91A052FF30079AB07 /* AVFoundation.framework */,
				77B0523F1A03B0C700A3C6CE /* Foundation.framework */,
				77B052411A03B0C700A3C6CE /* CoreGraphics.framework */,
				77B052431A03B0C700A3C6CE /* UIKit.framework */,
				77B0525E1A03B0C700A3C6CE /* XCTest.framework */,
			);
			name = Frameworks;
			sourceTree = "<group>";
		};
		77B052451A03B0C700A3C6CE /* FlappyNinja */ = {
			isa = PBXGroup;
			children = (
				77B0524E1A03B0C700A3C6CE /* AppDelegate.h */,
				77B0524F1A03B0C700A3C6CE /* AppDelegate.m */,
				77B052511A03B0C700A3C6CE /* Main.storyboard */,
				77B052571A03B0C700A3C6CE /* Images.xcassets */,
				77B052461A03B0C700A3C6CE /* Supporting Files */,
			);
			path = FlappyNinja;
			sourceTree = "<group>";
		};
		77B052461A03B0C700A3C6CE /* Supporting Files */ = {
			isa = PBXGroup;
			children = (
				77B052471A03B0C700A3C6CE /* FlappyNinja-Info.plist */,
				77B052481A03B0C700A3C6CE /* InfoPlist.strings */,
				77B0524B1A03B0C700A3C6CE /* main.m */,
				77B0524D1A03B0C700A3C6CE /* FlappyNinja-Prefix.pch */,
			);
			name = "Supporting Files";
			sourceTree = "<group>";
		};
		77B052641A03B0C700A3C6CE /* FlappyNinjaTests */ = {
			isa = PBXGroup;
			children = (
				77B0526A1A03B0C700A3C6CE /* FlappyNinjaTests.m */,
				77B052651A03B0C700A3C6CE /* Supporting Files */,
			);
			path = FlappyNinjaTests;
			sourceTree = "<group>";
		};
		77B052651A03B0C700A3C6CE /* Supporting Files */ = {
			isa = PBXGroup;
			children = (
				77B052661A03B0C700A3C6CE /* FlappyNinjaTests-Info.plist */,
				77B052671A03B0C700A3C6CE /* InfoPlist.strings */,
			);
			name = "Supporting Files";
			sourceTree = "<group>";
		};
		77B052741A03B0DC00A3C6CE /* ViewControllers */ = {
			isa = PBXGroup;
			children = (
				77B052751A03B0FF00A3C6CE /* MenuViewController.h */,
				77B052761A03B0FF00A3C6CE /* MenuViewController.m */,
				77AD4A9D1A0411A7000F1C41 /* GameController.h */,
				77AD4A9E1A0411A7000F1C41 /* GameController.m */,
				FEC3AE791A05095D0002CDFA /* ScoresController.h */,
				FEC3AE7A1A05095D0002CDFA /* ScoresController.m */,
			);
			name = ViewControllers;
			sourceTree = "<group>";
		};
/* End PBXGroup section */

/* Begin PBXNativeTarget section */
		77B0523B1A03B0C700A3C6CE /* FlappyNinja */ = {
			isa = PBXNativeTarget;
			buildConfigurationList = 77B0526E1A03B0C700A3C6CE /* Build configuration list for PBXNativeTarget "FlappyNinja" */;
			buildPhases = (
				77B052381A03B0C700A3C6CE /* Sources */,
				77B052391A03B0C700A3C6CE /* Frameworks */,
				77B0523A1A03B0C700A3C6CE /* Resources */,
			);
			buildRules = (
			);
			dependencies = (
			);
			name = FlappyNinja;
			productName = FlappyNinja;
			productReference = 77B0523C1A03B0C700A3C6CE /* FlappyNinja.app */;
			productType = "com.apple.product-type.application";
		};
		77B0525C1A03B0C700A3C6CE /* FlappyNinjaTests */ = {
			isa = PBXNativeTarget;
			buildConfigurationList = 77B052711A03B0C700A3C6CE /* Build configuration list for PBXNativeTarget "FlappyNinjaTests" */;
			buildPhases = (
				77B052591A03B0C700A3C6CE /* Sources */,
				77B0525A1A03B0C700A3C6CE /* Frameworks */,
				77B0525B1A03B0C700A3C6CE /* Resources */,
			);
			buildRules = (
			);
			dependencies = (
				77B052631A03B0C700A3C6CE /* PBXTargetDependency */,
			);
			name = FlappyNinjaTests;
			productName = FlappyNinjaTests;
			productReference = 77B0525D1A03B0C700A3C6CE /* FlappyNinjaTests.xctest */;
			productType = "com.apple.product-type.bundle.unit-test";
		};
/* End PBXNativeTarget section */

/* Begin PBXProject section */
		77B052341A03B0C700A3C6CE /* Project object */ = {
			isa = PBXProject;
			attributes = {
				LastUpgradeCheck = 0510;
				ORGANIZATIONNAME = "Test Test";
				TargetAttributes = {
					77B0525C1A03B0C700A3C6CE = {
						TestTargetID = 77B0523B1A03B0C700A3C6CE;
					};
				};
			};
			buildConfigurationList = 77B052371A03B0C700A3C6CE /* Build configuration list for PBXProject "FlappyNinja" */;
			compatibilityVersion = "Xcode 3.2";
			developmentRegion = English;
			hasScannedForEncodings = 0;
			knownRegions = (
				en,
				Base,
			);
			mainGroup = 77B052331A03B0C700A3C6CE;
			productRefGroup = 77B0523D1A03B0C700A3C6CE /* Products */;
			projectDirPath = "";
			projectRoot = "";
			targets = (
				77B0523B1A03B0C700A3C6CE /* FlappyNinja */,
				77B0525C1A03B0C700A3C6CE /* FlappyNinjaTests */,
			);
		};
/* End PBXProject section */

/* Begin PBXResourcesBuildPhase section */
		77B0523A1A03B0C700A3C6CE /* Resources */ = {
			isa = PBXResourcesBuildPhase;
			buildActionMask = 2147483647;
			files = (
				77B052581A03B0C700A3C6CE /* Images.xcassets in Resources */,
				77B0524A1A03B0C700A3C6CE /* InfoPlist.strings in Resources */,
				77B052531A03B0C700A3C6CE /* Main.storyboard in Resources */,
				FEC3AE5A1A0501780002CDFA /* background.png in Resources */,
				FEC3AE5B1A0501780002CDFA /* bottom.png in Resources */,
				FEC3AE5C1A0501780002CDFA /* column-bottom.png in Resources */,
				FEC3AE5D1A0501780002CDFA /* column-top.png in Resources */,
				FEC3AE5E1A0501780002CDFA /* flappy-ninja-down.png in Resources */,
				FEC3AE5F1A0501780002CDFA /* flappy-ninja-flipped.png in Resources */,
				FEC3AE601A0501780002CDFA /* flappy-ninja-up.png in Resources */,
				FEC3AE621A0501950002CDFA /* top.png in Resources */,
				FEC3AE641A0501FD0002CDFA /* Default-568h@2x.png in Resources */,
				FEC3AE6F1A0507A20002CDFA /* default.png in Resources */,
				FEC3AE701A0507A20002CDFA /* ExitButton.png in Resources */,
				FEC3AE711A0507A20002CDFA /* GameBack.png in Resources */,
				FEC3AE721A0507A20002CDFA /* GameStart.png in Resources */,
				FEC3AE731A0507A20002CDFA /* horsey.png in Resources */,
				FEC3AE741A0507A20002CDFA /* icon.png in Resources */,
				FEC3AE751A0507A20002CDFA /* NinjaDown.png in Resources */,
				FEC3AE761A0507A20002CDFA /* NinjaUp.png in Resources */,
				FEC3AE771A0507A20002CDFA /* PlayButton.png in Resources */,
				FEC3AE781A0507A20002CDFA /* ScoresButton.png in Resources */,
			);
			runOnlyForDeploymentPostprocessing = 0;
		};
		77B0525B1A03B0C700A3C6CE /* Resources */ = {
			isa = PBXResourcesBuildPhase;
			buildActionMask = 2147483647;
			files = (
				77B052691A03B0C700A3C6CE /* InfoPlist.strings in Resources */,
			);
			runOnlyForDeploymentPostprocessing = 0;
		};
/* End PBXResourcesBuildPhase section */

/* Begin PBXSourcesBuildPhase section */
		77B052381A03B0C700A3C6CE /* Sources */ = {
			isa = PBXSourcesBuildPhase;
			buildActionMask = 2147483647;
			files = (
				77B052501A03B0C700A3C6CE /* AppDelegate.m in Sources */,
				77AD4A9F1A0411A7000F1C41 /* GameController.m in Sources */,
				77B052771A03B0FF00A3C6CE /* MenuViewController.m in Sources */,
				77B0524C1A03B0C700A3C6CE /* main.m in Sources */,
				FEC3AE7B1A05095D0002CDFA /* ScoresController.m in Sources */,
			);
			runOnlyForDeploymentPostprocessing = 0;
		};
		77B052591A03B0C700A3C6CE /* Sources */ = {
			isa = PBXSourcesBuildPhase;
			buildActionMask = 2147483647;
			files = (
				77B0526B1A03B0C700A3C6CE /* FlappyNinjaTests.m in Sources */,
			);
			runOnlyForDeploymentPostprocessing = 0;
		};
/* End PBXSourcesBuildPhase section */

/* Begin PBXTargetDependency section */
		77B052631A03B0C700A3C6CE /* PBXTargetDependency */ = {
			isa = PBXTargetDependency;
			target = 77B0523B1A03B0C700A3C6CE /* FlappyNinja */;
			targetProxy = 77B052621A03B0C700A3C6CE /* PBXContainerItemProxy */;
		};
/* End PBXTargetDependency section */

/* Begin PBXVariantGroup section */
		77B052481A03B0C700A3C6CE /* InfoPlist.strings */ = {
			isa = PBXVariantGroup;
			children = (
				77B052491A03B0C700A3C6CE /* en */,
			);
			name = InfoPlist.strings;
			sourceTree = "<group>";
		};
		77B052511A03B0C700A3C6CE /* Main.storyboard */ = {
			isa = PBXVariantGroup;
			children = (
				77B052521A03B0C700A3C6CE /* Base */,
			);
			name = Main.storyboard;
			sourceTree = "<group>";
		};
		77B052671A03B0C700A3C6CE /* InfoPlist.strings */ = {
			isa = PBXVariantGroup;
			children = (
				77B052681A03B0C700A3C6CE /* en */,
			);
			name = InfoPlist.strings;
			sourceTree = "<group>";
		};
/* End PBXVariantGroup section */

/* Begin XCBuildConfiguration section */
		77B0526C1A03B0C700A3C6CE /* Debug */ = {
			isa = XCBuildConfiguration;
			buildSettings = {
				ALWAYS_SEARCH_USER_PATHS = NO;
				CLANG_CXX_LANGUAGE_STANDARD = "gnu++0x";
				CLANG_CXX_LIBRARY = "libc++";
				CLANG_ENABLE_MODULES = YES;
				CLANG_ENABLE_OBJC_ARC = YES;
				CLANG_WARN_BOOL_CONVERSION = YES;
				CLANG_WARN_CONSTANT_CONVERSION = YES;
				CLANG_WARN_DIRECT_OBJC_ISA_USAGE = YES_ERROR;
				CLANG_WARN_EMPTY_BODY = YES;
				CLANG_WARN_ENUM_CONVERSION = YES;
				CLANG_WARN_INT_CONVERSION = YES;
				CLANG_WARN_OBJC_ROOT_CLASS = YES_ERROR;
				CLANG_WARN__DUPLICATE_METHOD_MATCH = YES;
				"CODE_SIGN_IDENTITY[sdk=iphoneos*]" = "iPhone Developer";
				COPY_PHASE_STRIP = NO;
				GCC_C_LANGUAGE_STANDARD = gnu99;
				GCC_DYNAMIC_NO_PIC = NO;
				GCC_OPTIMIZATION_LEVEL = 0;
				GCC_PREPROCESSOR_DEFINITIONS = (
					"DEBUG=1",
					"$(inherited)",
				);
				GCC_SYMBOLS_PRIVATE_EXTERN = NO;
				GCC_WARN_64_TO_32_BIT_CONVERSION = YES;
				GCC_WARN_ABOUT_RETURN_TYPE = YES_ERROR;
				GCC_WARN_UNDECLARED_SELECTOR = YES;
				GCC_WARN_UNINITIALIZED_AUTOS = YES_AGGRESSIVE;
				GCC_WARN_UNUSED_FUNCTION = YES;
				GCC_WARN_UNUSED_VARIABLE = YES;
				IPHONEOS_DEPLOYMENT_TARGET = 6.1;
				ONLY_ACTIVE_ARCH = YES;
				SDKROOT = iphoneos;
			};
			name = Debug;
		};
		77B0526D1A03B0C700A3C6CE /* Release */ = {
			isa = XCBuildConfiguration;
			buildSettings = {
				ALWAYS_SEARCH_USER_PATHS = NO;
				CLANG_CXX_LANGUAGE_STANDARD = "gnu++0x";
				CLANG_CXX_LIBRARY = "libc++";
				CLANG_ENABLE_MODULES = YES;
				CLANG_ENABLE_OBJC_ARC = YES;
				CLANG_WARN_BOOL_CONVERSION = YES;
				CLANG_WARN_CONSTANT_CONVERSION = YES;
				CLANG_WARN_DIRECT_OBJC_ISA_USAGE = YES_ERROR;
				CLANG_WARN_EMPTY_BODY = YES;
				CLANG_WARN_ENUM_CONVERSION = YES;
				CLANG_WARN_INT_CONVERSION = YES;
				CLANG_WARN_OBJC_ROOT_CLASS = YES_ERROR;
				CLANG_WARN__DUPLICATE_METHOD_MATCH = YES;
				"CODE_SIGN_IDENTITY[sdk=iphoneos*]" = "iPhone Developer";
				COPY_PHASE_STRIP = YES;
				ENABLE_NS_ASSERTIONS = NO;
				GCC_C_LANGUAGE_STANDARD = gnu99;
				GCC_WARN_64_TO_32_BIT_CONVERSION = YES;
				GCC_WARN_ABOUT_RETURN_TYPE = YES_ERROR;
				GCC_WARN_UNDECLARED_SELECTOR = YES;
				GCC_WARN_UNINITIALIZED_AUTOS = YES_AGGRESSIVE;
				GCC_WARN_UNUSED_FUNCTION = YES;
				GCC_WARN_UNUSED_VARIABLE = YES;
				IPHONEOS_DEPLOYMENT_TARGET = 6.1;
				SDKROOT = iphoneos;
				VALIDATE_PRODUCT = YES;
			};
			name = Release;
		};
		77B0526F1A03B0C700A3C6CE /* Debug */ = {
			isa = XCBuildConfiguration;
			buildSettings = {
				ASSETCATALOG_COMPILER_APPICON_NAME = AppIcon;
				ASSETCATALOG_COMPILER_LAUNCHIMAGE_NAME = LaunchImage;
				GCC_PRECOMPILE_PREFIX_HEADER = YES;
				GCC_PREFIX_HEADER = "FlappyNinja/FlappyNinja-Prefix.pch";
				INFOPLIST_FILE = "FlappyNinja/FlappyNinja-Info.plist";
				IPHONEOS_DEPLOYMENT_TARGET = 6.1;
				PRODUCT_NAME = "$(TARGET_NAME)";
				WRAPPER_EXTENSION = app;
			};
			name = Debug;
		};
		77B052701A03B0C700A3C6CE /* Release */ = {
			isa = XCBuildConfiguration;
			buildSettings = {
				ASSETCATALOG_COMPILER_APPICON_NAME = AppIcon;
				ASSETCATALOG_COMPILER_LAUNCHIMAGE_NAME = LaunchImage;
				GCC_PRECOMPILE_PREFIX_HEADER = YES;
				GCC_PREFIX_HEADER = "FlappyNinja/FlappyNinja-Prefix.pch";
				INFOPLIST_FILE = "FlappyNinja/FlappyNinja-Info.plist";
				IPHONEOS_DEPLOYMENT_TARGET = 6.1;
				PRODUCT_NAME = "$(TARGET_NAME)";
				WRAPPER_EXTENSION = app;
			};
			name = Release;
		};
		77B052721A03B0C700A3C6CE /* Debug */ = {
			isa = XCBuildConfiguration;
			buildSettings = {
				BUNDLE_LOADER = "$(BUILT_PRODUCTS_DIR)/FlappyNinja.app/FlappyNinja";
				FRAMEWORK_SEARCH_PATHS = (
					"$(SDKROOT)/Developer/Library/Frameworks",
					"$(inherited)",
					"$(DEVELOPER_FRAMEWORKS_DIR)",
				);
				GCC_PRECOMPILE_PREFIX_HEADER = YES;
				GCC_PREFIX_HEADER = "FlappyNinja/FlappyNinja-Prefix.pch";
				GCC_PREPROCESSOR_DEFINITIONS = (
					"DEBUG=1",
					"$(inherited)",
				);
				INFOPLIST_FILE = "FlappyNinjaTests/FlappyNinjaTests-Info.plist";
				PRODUCT_NAME = "$(TARGET_NAME)";
				TEST_HOST = "$(BUNDLE_LOADER)";
				WRAPPER_EXTENSION = xctest;
			};
			name = Debug;
		};
		77B052731A03B0C700A3C6CE /* Release */ = {
			isa = XCBuildConfiguration;
			buildSettings = {
				BUNDLE_LOADER = "$(BUILT_PRODUCTS_DIR)/FlappyNinja.app/FlappyNinja";
				FRAMEWORK_SEARCH_PATHS = (
					"$(SDKROOT)/Developer/Library/Frameworks",
					"$(inherited)",
					"$(DEVELOPER_FRAMEWORKS_DIR)",
				);
				GCC_PRECOMPILE_PREFIX_HEADER = YES;
				GCC_PREFIX_HEADER = "FlappyNinja/FlappyNinja-Prefix.pch";
				INFOPLIST_FILE = "FlappyNinjaTests/FlappyNinjaTests-Info.plist";
				PRODUCT_NAME = "$(TARGET_NAME)";
				TEST_HOST = "$(BUNDLE_LOADER)";
				WRAPPER_EXTENSION = xctest;
			};
			name = Release;
		};
/* End XCBuildConfiguration section */

/* Begin XCConfigurationList section */
		77B052371A03B0C700A3C6CE /* Build configuration list for PBXProject "FlappyNinja" */ = {
			isa = XCConfigurationList;
			buildConfigurations = (
				77B0526C1A03B0C700A3C6CE /* Debug */,
				77B0526D1A03B0C700A3C6CE /* Release */,
			);
			defaultConfigurationIsVisible = 0;
			defaultConfigurationName = Release;
		};
		77B0526E1A03B0C700A3C6CE /* Build configuration list for PBXNativeTarget "FlappyNinja" */ = {
			isa = XCConfigurationList;
			buildConfigurations = (
				77B0526F1A03B0C700A3C6CE /* Debug */,
				77B052701A03B0C700A3C6CE /* Release */,
			);
			defaultConfigurationIsVisible = 0;
			defaultConfigurationName = Release;
		};
		77B052711A03B0C700A3C6CE /* Build configuration list for PBXNativeTarget "FlappyNinjaTests" */ = {
			isa = XCConfigurationList;
			buildConfigurations = (
				77B052721A03B0C700A3C6CE /* Debug */,
				77B052731A03B0C700A3C6CE /* Release */,
			);
			defaultConfigurationIsVisible = 0;
			defaultConfigurationName = Release;
		};
/* End XCConfigurationList section */
	};
	rootObject = 77B052341A03B0C700A3C6CE /* Project object */;
}
